
Microsoft Visual Studio Solution File, Format Version 12.00
# Visual Studio Version 17
VisualStudioVersion = 17.4.33103.184
MinimumVisualStudioVersion = 10.0.40219.1
Project("{FAE04EC0-301F-11D3-BF4B-00C04F79EFBC}") = "ReactImageUpload.Web", "ReactImageUpload.Web\ReactImageUpload.Web.csproj", "{073EAE0B-0594-4905-BC07-F1BF4FA64EFB}"
EndProject
Project("{FAE04EC0-301F-11D3-BF4B-00C04F79EFBC}") = "ReactImageUpload.Data", "ReactImageUpload.Data\ReactImageUpload.Data.csproj", "{B23A7289-D0B8-4FF3-869B-D1AA50680B2B}"
EndProject
Global
	GlobalSection(SolutionConfigurationPlatforms) = preSolution
		Debug|Any CPU = Debug|Any CPU
		Release|Any CPU = Release|Any CPU
	EndGlobalSection
	GlobalSection(ProjectConfigurationPlatforms) = postSolution
		{073EAE0B-0594-4905-BC07-F1BF4FA64EFB}.Debug|Any CPU.ActiveCfg = Debug|Any CPU
		{073EAE0B-0594-4905-BC07-F1BF4FA64EFB}.Debug|Any CPU.Build.0 = Debug|Any CPU
		{073EAE0B-0594-4905-BC07-F1BF4FA64EFB}.Release|Any CPU.ActiveCfg = Release|Any CPU
		{073EAE0B-0594-4905-BC07-F1BF4FA64EFB}.Release|Any CPU.Build.0 = Release|Any CPU
		{B23A7289-D0B8-4FF3-869B-D1AA50680B2B}.Debug|Any CPU.ActiveCfg = Debug|Any CPU
		{B23A7289-D0B8-4FF3-869B-D1AA50680B2B}.Debug|Any CPU.Build.0 = Debug|Any CPU
		{B23A7289-D0B8-4FF3-869B-D1AA50680B2B}.Release|Any CPU.ActiveCfg = Release|Any CPU
		{B23A7289-D0B8-4FF3-869B-D1AA50680B2B}.Release|Any CPU.Build.0 = Release|Any CPU
	EndGlobalSection
	GlobalSection(SolutionProperties) = preSolution
		HideSolutionNode = FALSE
	EndGlobalSection
	GlobalSection(ExtensibilityGlobals) = postSolution
		SolutionGuid = {8A0BA848-9790-44A6-8FA3-DCB68F78D8DF}
	EndGlobalSection
EndGlobal
